Microsoft Visual Studio Solution File, Format Version 11.00
# Visual Studio 2010
Project("{FAE04EC0-301F-11D3-BF4B-00C04F79EFBC}") = "SearchAndReplaceExample", "SearchAndReplaceExample\SearchAndReplaceExample.csproj", "{5C347C79-D13B-4B2F-B3EB-851657EA90BE}"
	ProjectSection(WebsiteProperties) = preProject
		Debug.AspNetCompiler.Debug = "True"
		Release.AspNetCompiler.Debug = "False"
	TargetFrameworkMoniker = ".NETFramework,Version%3Dv4.0"
EndProjectSection
EndProject
Global
	GlobalSection(SolutionConfigurationPlatforms) = preSolution
		Debug|Any CPU = Debug|Any CPU
		Release|Any CPU = Release|Any CPU
	EndGlobalSection
	GlobalSection(ProjectConfigurationPlatforms) = postSolution
		{5C347C79-D13B-4B2F-B3EB-851657EA90BE}.Debug|Any CPU.ActiveCfg = Debug|Any CPU
		{5C347C79-D13B-4B2F-B3EB-851657EA90BE}.Debug|Any CPU.Build.0 = Debug|Any CPU
		{5C347C79-D13B-4B2F-B3EB-851657EA90BE}.Release|Any CPU.ActiveCfg = Release|Any CPU
		{5C347C79-D13B-4B2F-B3EB-851657EA90BE}.Release|Any CPU.Build.0 = Release|Any CPU
	EndGlobalSection
	GlobalSection(SolutionProperties) = preSolution
		HideSolutionNode = FALSE
	EndGlobalSection
EndGlobal
